// !$*UTF8*$!
{
	archiveVersion = 1;
	classes = {
	};
	objectVersion = 55;
	objects = {

/* Begin PBXBuildFile section */
		30107046278476710096AAC0 /* K.swift in Sources */ = {isa = PBXBuildFile; fileRef = 30107045278476710096AAC0 /* K.swift */; };
		30203F512773BD6E0083A95C /* AppDelegate.swift in Sources */ = {isa = PBXBuildFile; fileRef = 30203F502773BD6E0083A95C /* AppDelegate.swift */; };
		30203F532773BD6E0083A95C /* SceneDelegate.swift in Sources */ = {isa = PBXBuildFile; fileRef = 30203F522773BD6E0083A95C /* SceneDelegate.swift */; };
		30203F552773BD6E0083A95C /* ViewController.swift in Sources */ = {isa = PBXBuildFile; fileRef = 30203F542773BD6E0083A95C /* ViewController.swift */; };
		30203F582773BD6E0083A95C /* Main.storyboard in Resources */ = {isa = PBXBuildFile; fileRef = 30203F562773BD6E0083A95C /* Main.storyboard */; };
		30203F5A2773BD700083A95C /* Assets.xcassets in Resources */ = {isa = PBXBuildFile; fileRef = 30203F592773BD700083A95C /* Assets.xcassets */; };
		30203F5D2773BD700083A95C /* LaunchScreen.storyboard in Resources */ = {isa = PBXBuildFile; fileRef = 30203F5B2773BD700083A95C /* LaunchScreen.storyboard */; };
		30D1A953277497F300642F7B /* CouponVC.swift in Sources */ = {isa = PBXBuildFile; fileRef = 30D1A952277497F300642F7B /* CouponVC.swift */; };
		30F28FC327A6068700900477 /* Notifications.swift in Sources */ = {isa = PBXBuildFile; fileRef = 30F28FC227A6068700900477 /* Notifications.swift */; };
/* End PBXBuildFile section */

/* Begin PBXFileReference section */
		30107045278476710096AAC0 /* K.swift */ = {isa = PBXFileReference; lastKnownFileType = sourcecode.swift; path = K.swift; sourceTree = "<group>"; };
		30203F4D2773BD6E0083A95C /* ilke gets coupons.app */ = {isa = PBXFileReference; explicitFileType = wrapper.application; includeInIndex = 0; path = "ilke gets coupons.app"; sourceTree = BUILT_PRODUCTS_DIR; };
		30203F502773BD6E0083A95C /* AppDelegate.swift */ = {isa = PBXFileReference; lastKnownFileType = sourcecode.swift; path = AppDelegate.swift; sourceTree = "<group>"; };
		30203F522773BD6E0083A95C /* SceneDelegate.swift */ = {isa = PBXFileReference; lastKnownFileType = sourcecode.swift; path = SceneDelegate.swift; sourceTree = "<group>"; };
		30203F542773BD6E0083A95C /* ViewController.swift */ = {isa = PBXFileReference; lastKnownFileType = sourcecode.swift; path = ViewController.swift; sourceTree = "<group>"; };
		30203F572773BD6E0083A95C /* Base */ = {isa = PBXFileReference; lastKnownFileType = file.storyboard; name = Base; path = Base.lproj/Main.storyboard; sourceTree = "<group>"; };
		30203F592773BD700083A95C /* Assets.xcassets */ = {isa = PBXFileReference; lastKnownFileType = folder.assetcatalog; path = Assets.xcassets; sourceTree = "<group>"; };
		30203F5C2773BD700083A95C /* Base */ = {isa = PBXFileReference; lastKnownFileType = file.storyboard; name = Base; path = Base.lproj/LaunchScreen.storyboard; sourceTree = "<group>"; };
		30203F5E2773BD700083A95C /* Info.plist */ = {isa = PBXFileReference; lastKnownFileType = text.plist.xml; path = Info.plist; sourceTree = "<group>"; };
		30D1A952277497F300642F7B /* CouponVC.swift */ = {isa = PBXFileReference; lastKnownFileType = sourcecode.swift; path = CouponVC.swift; sourceTree = "<group>"; };
		30F28FC227A6068700900477 /* Notifications.swift */ = {isa = PBXFileReference; lastKnownFileType = sourcecode.swift; path = Notifications.swift; sourceTree = "<group>"; };
/* End PBXFileReference section */

/* Begin PBXFrameworksBuildPhase section */
		30203F4A2773BD6E0083A95C /* Frameworks */ = {
			isa = PBXFrameworksBuildPhase;
			buildActionMask = 2147483647;
			files = (
			);
			runOnlyForDeploymentPostprocessing = 0;
		};
/* End PBXFrameworksBuildPhase section */

/* Begin PBXGroup section */
		301070422784761B0096AAC0 /* Controllers */ = {
			isa = PBXGroup;
			children = (
				30203F542773BD6E0083A95C /* ViewController.swift */,
				30D1A952277497F300642F7B /* CouponVC.swift */,
			);
			path = Controllers;
			sourceTree = "<group>";
		};
		30107043278476260096AAC0 /* View */ = {
			isa = PBXGroup;
			children = (
				30203F562773BD6E0083A95C /* Main.storyboard */,
			);
			path = View;
			sourceTree = "<group>";
		};
		30107044278476400096AAC0 /* Model */ = {
			isa = PBXGroup;
			children = (
				30107045278476710096AAC0 /* K.swift */,
				30F28FC227A6068700900477 /* Notifications.swift */,
			);
			path = Model;
			sourceTree = "<group>";
		};
		30203F442773BD6E0083A95C = {
			isa = PBXGroup;
			children = (
				30203F4F2773BD6E0083A95C /* ilke gets coupons */,
				30203F4E2773BD6E0083A95C /* Products */,
			);
			sourceTree = "<group>";
		};
		30203F4E2773BD6E0083A95C /* Products */ = {
			isa = PBXGroup;
			children = (
				30203F4D2773BD6E0083A95C /* ilke gets coupons.app */,
			);
			name = Products;
			sourceTree = "<group>";
		};
		30203F4F2773BD6E0083A95C /* ilke gets coupons */ = {
			isa = PBXGroup;
			children = (
				30203F502773BD6E0083A95C /* AppDelegate.swift */,
				30203F522773BD6E0083A95C /* SceneDelegate.swift */,
				30107044278476400096AAC0 /* Model */,
				30107043278476260096AAC0 /* View */,
				301070422784761B0096AAC0 /* Controllers */,
				30203F592773BD700083A95C /* Assets.xcassets */,
				30203F5B2773BD700083A95C /* LaunchScreen.storyboard */,
				30203F5E2773BD700083A95C /* Info.plist */,
			);
			path = "ilke gets coupons";
			sourceTree = "<group>";
		};
/* End PBXGroup section */

/* Begin PBXNativeTarget section */
		30203F4C2773BD6E0083A95C /* ilke gets coupons */ = {
			isa = PBXNativeTarget;
			buildConfigurationList = 30203F612773BD700083A95C /* Build configuration list for PBXNativeTarget "ilke gets coupons" */;
			buildPhases = (
				30203F492773BD6E0083A95C /* Sources */,
				30203F4A2773BD6E0083A95C /* Frameworks */,
				30203F4B2773BD6E0083A95C /* Resources */,
			);
			buildRules = (
			);
			dependencies = (
			);
			name = "ilke gets coupons";
			productName = "ilke gets coupons";
			productReference = 30203F4D2773BD6E0083A95C /* ilke gets coupons.app */;
			productType = "com.apple.product-type.application";
		};
/* End PBXNativeTarget section */

/* Begin PBXProject section */
		30203F452773BD6E0083A95C /* Project object */ = {
			isa = PBXProject;
			attributes = {
				BuildIndependentTargetsInParallel = 1;
				LastSwiftUpdateCheck = 1310;
				LastUpgradeCheck = 1310;
				TargetAttributes = {
					30203F4C2773BD6E0083A95C = {
						CreatedOnToolsVersion = 13.1;
					};
				};
			};
			buildConfigurationList = 30203F482773BD6E0083A95C /* Build configuration list for PBXProject "ilke gets coupons" */;
			compatibilityVersion = "Xcode 13.0";
			developmentRegion = en;
			hasScannedForEncodings = 0;
			knownRegions = (
				en,
				Base,
			);
			mainGroup = 30203F442773BD6E0083A95C;
			productRefGroup = 30203F4E2773BD6E0083A95C /* Products */;
			projectDirPath = "";
			projectRoot = "";
			targets = (
				30203F4C2773BD6E0083A95C /* ilke gets coupons */,
			);
		};
/* End PBXProject section */

/* Begin PBXResourcesBuildPhase section */
		30203F4B2773BD6E0083A95C /* Resources */ = {
			isa = PBXResourcesBuildPhase;
			buildActionMask = 2147483647;
			files = (
				30203F5D2773BD700083A95C /* LaunchScreen.storyboard in Resources */,
				30203F5A2773BD700083A95C /* Assets.xcassets in Resources */,
				30203F582773BD6E0083A95C /* Main.storyboard in Resources */,
			);
			runOnlyForDeploymentPostprocessing = 0;
		};
/* End PBXResourcesBuildPhase section */

/* Begin PBXSourcesBuildPhase section */
		30203F492773BD6E0083A95C /* Sources */ = {
			isa = PBXSourcesBuildPhase;
			buildActionMask = 2147483647;
			files = (
				30F28FC327A6068700900477 /* Notifications.swift in Sources */,
				30107046278476710096AAC0 /* K.swift in Sources */,
				30203F552773BD6E0083A95C /* ViewController.swift in Sources */,
				30203F512773BD6E0083A95C /* AppDelegate.swift in Sources */,
				30D1A953277497F300642F7B /* CouponVC.swift in Sources */,
				30203F532773BD6E0083A95C /* SceneDelegate.swift in Sources */,
			);
			runOnlyForDeploymentPostprocessing = 0;
		};
/* End PBXSourcesBuildPhase section */

/* Begin PBXVariantGroup section */
		30203F562773BD6E0083A95C /* Main.storyboard */ = {
			isa = PBXVariantGroup;
			children = (
				30203F572773BD6E0083A95C /* Base */,
			);
			name = Main.storyboard;
			sourceTree = "<group>";
		};
		30203F5B2773BD700083A95C /* LaunchScreen.storyboard */ = {
			isa = PBXVariantGroup;
			children = (
				30203F5C2773BD700083A95C /* Base */,
			);
			name = LaunchScreen.storyboard;
			sourceTree = "<group>";
		};
/* End PBXVariantGroup section */

/* Begin XCBuildConfiguration section */
		30203F5F2773BD700083A95C /* Debug */ = {
			isa = XCBuildConfiguration;
			buildSettings = {
				ALWAYS_SEARCH_USER_PATHS = NO;
				CLANG_ANALYZER_NONNULL = YES;
				CLANG_ANALYZER_NUMBER_OBJECT_CONVERSION = YES_AGGRESSIVE;
				CLANG_CXX_LANGUAGE_STANDARD = "gnu++17";
				CLANG_CXX_LIBRARY = "libc++";
				CLANG_ENABLE_MODULES = YES;
				CLANG_ENABLE_OBJC_ARC = YES;
				CLANG_ENABLE_OBJC_WEAK = YES;
				CLANG_WARN_BLOCK_CAPTURE_AUTORELEASING = YES;
				CLANG_WARN_BOOL_CONVERSION = YES;
				CLANG_WARN_COMMA = YES;
				CLANG_WARN_CONSTANT_CONVERSION = YES;
				CLANG_WARN_DEPRECATED_OBJC_IMPLEMENTATIONS = YES;
				CLANG_WARN_DIRECT_OBJC_ISA_USAGE = YES_ERROR;
				CLANG_WARN_DOCUMENTATION_COMMENTS = YES;
				CLANG_WARN_EMPTY_BODY = YES;
				CLANG_WARN_ENUM_CONVERSION = YES;
				CLANG_WARN_INFINITE_RECURSION = YES;
				CLANG_WARN_INT_CONVERSION = YES;
				CLANG_WARN_NON_LITERAL_NULL_CONVERSION = YES;
				CLANG_WARN_OBJC_IMPLICIT_RETAIN_SELF = YES;
				CLANG_WARN_OBJC_LITERAL_CONVERSION = YES;
				CLANG_WARN_OBJC_ROOT_CLASS = YES_ERROR;
				CLANG_WARN_QUOTED_INCLUDE_IN_FRAMEWORK_HEADER = YES;
				CLANG_WARN_RANGE_LOOP_ANALYSIS = YES;
				CLANG_WARN_STRICT_PROTOTYPES = YES;
				CLANG_WARN_SUSPICIOUS_MOVE = YES;
				CLANG_WARN_UNGUARDED_AVAILABILITY = YES_AGGRESSIVE;
				CLANG_WARN_UNREACHABLE_CODE = YES;
				CLANG_WARN__DUPLICATE_METHOD_MATCH = YES;
				COPY_PHASE_STRIP = NO;
				DEBUG_INFORMATION_FORMAT = dwarf;
				ENABLE_STRICT_OBJC_MSGSEND = YES;
				ENABLE_TESTABILITY = YES;
				GCC_C_LANGUAGE_STANDARD = gnu11;
				GCC_DYNAMIC_NO_PIC = NO;
				GCC_NO_COMMON_BLOCKS = YES;
				GCC_OPTIMIZATION_LEVEL = 0;
				GCC_PREPROCESSOR_DEFINITIONS = (
					"DEBUG=1",
					"$(inherited)",
				);
				GCC_WARN_64_TO_32_BIT_CONVERSION = YES;
				GCC_WARN_ABOUT_RETURN_TYPE = YES_ERROR;
				GCC_WARN_UNDECLARED_SELECTOR = YES;
				GCC_WARN_UNINITIALIZED_AUTOS = YES_AGGRESSIVE;
				GCC_WARN_UNUSED_FUNCTION = YES;
				GCC_WARN_UNUSED_VARIABLE = YES;
				IPHONEOS_DEPLOYMENT_TARGET = 15.0;
				MTL_ENABLE_DEBUG_INFO = INCLUDE_SOURCE;
				MTL_FAST_MATH = YES;
				ONLY_ACTIVE_ARCH = YES;
				SDKROOT = iphoneos;
				SWIFT_ACTIVE_COMPILATION_CONDITIONS = DEBUG;
				SWIFT_OPTIMIZATION_LEVEL = "-Onone";
			};
			name = Debug;
		};
		30203F602773BD700083A95C /* Release */ = {
			isa = XCBuildConfiguration;
			buildSettings = {
				ALWAYS_SEARCH_USER_PATHS = NO;
				CLANG_ANALYZER_NONNULL = YES;
				CLANG_ANALYZER_NUMBER_OBJECT_CONVERSION = YES_AGGRESSIVE;
				CLANG_CXX_LANGUAGE_STANDARD = "gnu++17";
				CLANG_CXX_LIBRARY = "libc++";
				CLANG_ENABLE_MODULES = YES;
				CLANG_ENABLE_OBJC_ARC = YES;
				CLANG_ENABLE_OBJC_WEAK = YES;
				CLANG_WARN_BLOCK_CAPTURE_AUTORELEASING = YES;
				CLANG_WARN_BOOL_CONVERSION = YES;
				CLANG_WARN_COMMA = YES;
				CLANG_WARN_CONSTANT_CONVERSION = YES;
				CLANG_WARN_DEPRECATED_OBJC_IMPLEMENTATIONS = YES;
				CLANG_WARN_DIRECT_OBJC_ISA_USAGE = YES_ERROR;
				CLANG_WARN_DOCUMENTATION_COMMENTS = YES;
				CLANG_WARN_EMPTY_BODY = YES;
				CLANG_WARN_ENUM_CONVERSION = YES;
				CLANG_WARN_INFINITE_RECURSION = YES;
				CLANG_WARN_INT_CONVERSION = YES;
				CLANG_WARN_NON_LITERAL_NULL_CONVERSION = YES;
				CLANG_WARN_OBJC_IMPLICIT_RETAIN_SELF = YES;
				CLANG_WARN_OBJC_LITERAL_CONVERSION = YES;
				CLANG_WARN_OBJC_ROOT_CLASS = YES_ERROR;
				CLANG_WARN_QUOTED_INCLUDE_IN_FRAMEWORK_HEADER = YES;
				CLANG_WARN_RANGE_LOOP_ANALYSIS = YES;
				CLANG_WARN_STRICT_PROTOTYPES = YES;
				CLANG_WARN_SUSPICIOUS_MOVE = YES;
				CLANG_WARN_UNGUARDED_AVAILABILITY = YES_AGGRESSIVE;
				CLANG_WARN_UNREACHABLE_CODE = YES;
				CLANG_WARN__DUPLICATE_METHOD_MATCH = YES;
				COPY_PHASE_STRIP = NO;
				DEBUG_INFORMATION_FORMAT = "dwarf-with-dsym";
				ENABLE_NS_ASSERTIONS = NO;
				ENABLE_STRICT_OBJC_MSGSEND = YES;
				GCC_C_LANGUAGE_STANDARD = gnu11;
				GCC_NO_COMMON_BLOCKS = YES;
				GCC_WARN_64_TO_32_BIT_CONVERSION = YES;
				GCC_WARN_ABOUT_RETURN_TYPE = YES_ERROR;
				GCC_WARN_UNDECLARED_SELECTOR = YES;
				GCC_WARN_UNINITIALIZED_AUTOS = YES_AGGRESSIVE;
				GCC_WARN_UNUSED_FUNCTION = YES;
				GCC_WARN_UNUSED_VARIABLE = YES;
				IPHONEOS_DEPLOYMENT_TARGET = 15.0;
				MTL_ENABLE_DEBUG_INFO = NO;
				MTL_FAST_MATH = YES;
				SDKROOT = iphoneos;
				SWIFT_COMPILATION_MODE = wholemodule;
				SWIFT_OPTIMIZATION_LEVEL = "-O";
				VALIDATE_PRODUCT = YES;
			};
			name = Release;
		};
		30203F622773BD700083A95C /* Debug */ = {
			isa = XCBuildConfiguration;
			buildSettings = {
				ASSETCATALOG_COMPILER_APPICON_NAME = AppIcon;
				ASSETCATALOG_COMPILER_GLOBAL_ACCENT_COLOR_NAME = AccentColor;
				CODE_SIGN_STYLE = Automatic;
				CURRENT_PROJECT_VERSION = 1;
				DEVELOPMENT_TEAM = 9694Q29RZR;
				GENERATE_INFOPLIST_FILE = YES;
				INFOPLIST_FILE = "ilke gets coupons/Info.plist";
				INFOPLIST_KEY_CFBundleDisplayName = "ilke wishes";
				INFOPLIST_KEY_UIApplicationSupportsIndirectInputEvents = YES;
				INFOPLIST_KEY_UILaunchStoryboardName = LaunchScreen;
				INFOPLIST_KEY_UIMainStoryboardFile = Main;
				INFOPLIST_KEY_UISupportedInterfaceOrientations = UIInterfaceOrientationPortrait;
				INFOPLIST_KEY_UISupportedInterfaceOrientations_iPad = "UIInterfaceOrientationPortrait UIInterfaceOrientationPortraitUpsideDown UIInterfaceOrientationLandscapeLeft UIInterfaceOrientationLandscapeRight";
				INFOPLIST_KEY_UISupportedInterfaceOrientations_iPhone = "UIInterfaceOrientationPortrait UIInterfaceOrientationLandscapeLeft UIInterfaceOrientationLandscapeRight";
				IPHONEOS_DEPLOYMENT_TARGET = 14.7;
				LD_RUNPATH_SEARCH_PATHS = (
					"$(inherited)",
					"@executable_path/Frameworks",
				);
				MARKETING_VERSION = 1.0;
				PRODUCT_BUNDLE_IDENTIFIER = "com.oblomov.ilke-gets-coupons";
				PRODUCT_NAME = "$(TARGET_NAME)";
				SWIFT_EMIT_LOC_STRINGS = YES;
				SWIFT_VERSION = 5.0;
				TARGETED_DEVICE_FAMILY = 1;
			};
			name = Debug;
		};
		30203F632773BD700083A95C /* Release */ = {
			isa = XCBuildConfiguration;
			buildSettings = {
				ASSETCATALOG_COMPILER_APPICON_NAME = AppIcon;
				ASSETCATALOG_COMPILER_GLOBAL_ACCENT_COLOR_NAME = AccentColor;
				CODE_SIGN_STYLE = Automatic;
				CURRENT_PROJECT_VERSION = 1;
				DEVELOPMENT_TEAM = 9694Q29RZR;
				GENERATE_INFOPLIST_FILE = YES;
				INFOPLIST_FILE = "ilke gets coupons/Info.plist";
				INFOPLIST_KEY_CFBundleDisplayName = "ilke wishes";
				INFOPLIST_KEY_UIApplicationSupportsIndirectInputEvents = YES;
				INFOPLIST_KEY_UILaunchStoryboardName = LaunchScreen;
				INFOPLIST_KEY_UIMainStoryboardFile = Main;
				INFOPLIST_KEY_UISupportedInterfaceOrientations = UIInterfaceOrientationPortrait;
				INFOPLIST_KEY_UISupportedInterfaceOrientations_iPad = "UIInterfaceOrientationPortrait UIInterfaceOrientationPortraitUpsideDown UIInterfaceOrientationLandscapeLeft UIInterfaceOrientationLandscapeRight";
				INFOPLIST_KEY_UISupportedInterfaceOrientations_iPhone = "UIInterfaceOrientationPortrait UIInterfaceOrientationLandscapeLeft UIInterfaceOrientationLandscapeRight";
				IPHONEOS_DEPLOYMENT_TARGET = 14.7;
				LD_RUNPATH_SEARCH_PATHS = (
					"$(inherited)",
					"@executable_path/Frameworks",
				);
				MARKETING_VERSION = 1.0;
				PRODUCT_BUNDLE_IDENTIFIER = "com.oblomov.ilke-gets-coupons";
				PRODUCT_NAME = "$(TARGET_NAME)";
				SWIFT_EMIT_LOC_STRINGS = YES;
				SWIFT_VERSION = 5.0;
				TARGETED_DEVICE_FAMILY = 1;
			};
			name = Release;
		};
/* End XCBuildConfiguration section */

/* Begin XCConfigurationList section */
		30203F482773BD6E0083A95C /* Build configuration list for PBXProject "ilke gets coupons" */ = {
			isa = XCConfigurationList;
			buildConfigurations = (
				30203F5F2773BD700083A95C /* Debug */,
				30203F602773BD700083A95C /* Release */,
			);
			defaultConfigurationIsVisible = 0;
			defaultConfigurationName = Release;
		};
		30203F612773BD700083A95C /* Build configuration list for PBXNativeTarget "ilke gets coupons" */ = {
			isa = XCConfigurationList;
			buildConfigurations = (
				30203F622773BD700083A95C /* Debug */,
				30203F632773BD700083A95C /* Release */,
			);
			defaultConfigurationIsVisible = 0;
			defaultConfigurationName = Release;
		};
/* End XCConfigurationList section */
	};
	rootObject = 30203F452773BD6E0083A95C /* Project object */;
}
